// !$*UTF8*$!
{
	archiveVersion = 1;
	classes = {
	};
	objectVersion = 56;
	objects = {

/* Begin PBXBuildFile section */
		E179B6542CB85A7500CC8C1B /* main.swift in Sources */ = {isa = PBXBuildFile; fileRef = E179B6532CB85A7500CC8C1B /* main.swift */; };
		E179B65B2CB85A9000CC8C1B /* Individual.swift in Sources */ = {isa = PBXBuildFile; fileRef = E179B65A2CB85A9000CC8C1B /* Individual.swift */; };
		E179B65D2CB85A9E00CC8C1B /* Universe.swift in Sources */ = {isa = PBXBuildFile; fileRef = E179B65C2CB85A9E00CC8C1B /* Universe.swift */; };
		E179B65F2CB85AAF00CC8C1B /* StarWars.swift in Sources */ = {isa = PBXBuildFile; fileRef = E179B65E2CB85AAF00CC8C1B /* StarWars.swift */; };
		E179B6612CB85AC800CC8C1B /* Marvel.swift in Sources */ = {isa = PBXBuildFile; fileRef = E179B6602CB85AC800CC8C1B /* Marvel.swift */; };
		E179B6632CB85ADA00CC8C1B /* Hitchhiker.swift in Sources */ = {isa = PBXBuildFile; fileRef = E179B6622CB85ADA00CC8C1B /* Hitchhiker.swift */; };
		E179B6652CB85AE800CC8C1B /* LordOfTheRings.swift in Sources */ = {isa = PBXBuildFile; fileRef = E179B6642CB85AE800CC8C1B /* LordOfTheRings.swift */; };
		E179B6672CB85B0F00CC8C1B /* Classifier.swift in Sources */ = {isa = PBXBuildFile; fileRef = E179B6662CB85B0F00CC8C1B /* Classifier.swift */; };
		E179B6692CB85B2000CC8C1B /* FileHandler.swift in Sources */ = {isa = PBXBuildFile; fileRef = E179B6682CB85B2000CC8C1B /* FileHandler.swift */; };
/* End PBXBuildFile section */

/* Begin PBXCopyFilesBuildPhase section */
		E179B64E2CB85A7500CC8C1B /* CopyFiles */ = {
			isa = PBXCopyFilesBuildPhase;
			buildActionMask = 2147483647;
			dstPath = /usr/share/man/man1;
			dstSubfolderSpec = 0;
			files = (
			);
			runOnlyForDeploymentPostprocessing = 1;
		};
/* End PBXCopyFilesBuildPhase section */

/* Begin PBXFileReference section */
		E179B6502CB85A7500CC8C1B /* OOPLab0 */ = {isa = PBXFileReference; explicitFileType = "compiled.mach-o.executable"; includeInIndex = 0; path = OOPLab0; sourceTree = BUILT_PRODUCTS_DIR; };
		E179B6532CB85A7500CC8C1B /* main.swift */ = {isa = PBXFileReference; lastKnownFileType = sourcecode.swift; path = main.swift; sourceTree = "<group>"; };
		E179B65A2CB85A9000CC8C1B /* Individual.swift */ = {isa = PBXFileReference; lastKnownFileType = sourcecode.swift; path = Individual.swift; sourceTree = "<group>"; };
		E179B65C2CB85A9E00CC8C1B /* Universe.swift */ = {isa = PBXFileReference; lastKnownFileType = sourcecode.swift; path = Universe.swift; sourceTree = "<group>"; };
		E179B65E2CB85AAF00CC8C1B /* StarWars.swift */ = {isa = PBXFileReference; lastKnownFileType = sourcecode.swift; path = StarWars.swift; sourceTree = "<group>"; };
		E179B6602CB85AC800CC8C1B /* Marvel.swift */ = {isa = PBXFileReference; lastKnownFileType = sourcecode.swift; path = Marvel.swift; sourceTree = "<group>"; };
		E179B6622CB85ADA00CC8C1B /* Hitchhiker.swift */ = {isa = PBXFileReference; lastKnownFileType = sourcecode.swift; path = Hitchhiker.swift; sourceTree = "<group>"; };
		E179B6642CB85AE800CC8C1B /* LordOfTheRings.swift */ = {isa = PBXFileReference; lastKnownFileType = sourcecode.swift; path = LordOfTheRings.swift; sourceTree = "<group>"; };
		E179B6662CB85B0F00CC8C1B /* Classifier.swift */ = {isa = PBXFileReference; lastKnownFileType = sourcecode.swift; path = Classifier.swift; sourceTree = "<group>"; };
		E179B6682CB85B2000CC8C1B /* FileHandler.swift */ = {isa = PBXFileReference; lastKnownFileType = sourcecode.swift; path = FileHandler.swift; sourceTree = "<group>"; };
		E179B6712CB8615700CC8C1B /* input.json */ = {isa = PBXFileReference; fileEncoding = 4; lastKnownFileType = text.json; path = input.json; sourceTree = "<group>"; };
/* End PBXFileReference section */

/* Begin PBXFrameworksBuildPhase section */
		E179B64D2CB85A7500CC8C1B /* Frameworks */ = {
			isa = PBXFrameworksBuildPhase;
			buildActionMask = 2147483647;
			files = (
			);
			runOnlyForDeploymentPostprocessing = 0;
		};
/* End PBXFrameworksBuildPhase section */

/* Begin PBXGroup section */
		E179B6472CB85A7500CC8C1B = {
			isa = PBXGroup;
			children = (
				E179B6522CB85A7500CC8C1B /* OOPLab0 */,
				E179B6512CB85A7500CC8C1B /* Products */,
			);
			sourceTree = "<group>";
		};
		E179B6512CB85A7500CC8C1B /* Products */ = {
			isa = PBXGroup;
			children = (
				E179B6502CB85A7500CC8C1B /* OOPLab0 */,
			);
			name = Products;
			sourceTree = "<group>";
		};
		E179B6522CB85A7500CC8C1B /* OOPLab0 */ = {
			isa = PBXGroup;
			children = (
				E179B6712CB8615700CC8C1B /* input.json */,
				E179B66C2CB85B6D00CC8C1B /* Logics */,
				E179B66A2CB85B2500CC8C1B /* Universes */,
				E179B65A2CB85A9000CC8C1B /* Individual.swift */,
				E179B6532CB85A7500CC8C1B /* main.swift */,
			);
			path = OOPLab0;
			sourceTree = "<group>";
		};
		E179B66A2CB85B2500CC8C1B /* Universes */ = {
			isa = PBXGroup;
			children = (
				E179B65C2CB85A9E00CC8C1B /* Universe.swift */,
				E179B65E2CB85AAF00CC8C1B /* StarWars.swift */,
				E179B6602CB85AC800CC8C1B /* Marvel.swift */,
				E179B6622CB85ADA00CC8C1B /* Hitchhiker.swift */,
				E179B6642CB85AE800CC8C1B /* LordOfTheRings.swift */,
			);
			path = Universes;
			sourceTree = "<group>";
		};
		E179B66C2CB85B6D00CC8C1B /* Logics */ = {
			isa = PBXGroup;
			children = (
				E179B6662CB85B0F00CC8C1B /* Classifier.swift */,
				E179B6682CB85B2000CC8C1B /* FileHandler.swift */,
			);
			path = Logics;
			sourceTree = "<group>";
		};
/* End PBXGroup section */

/* Begin PBXNativeTarget section */
		E179B64F2CB85A7500CC8C1B /* OOPLab0 */ = {
			isa = PBXNativeTarget;
			buildConfigurationList = E179B6572CB85A7500CC8C1B /* Build configuration list for PBXNativeTarget "OOPLab0" */;
			buildPhases = (
				E179B64C2CB85A7500CC8C1B /* Sources */,
				E179B64D2CB85A7500CC8C1B /* Frameworks */,
				E179B64E2CB85A7500CC8C1B /* CopyFiles */,
			);
			buildRules = (
			);
			dependencies = (
			);
			name = OOPLab0;
			productName = OOPLab0;
			productReference = E179B6502CB85A7500CC8C1B /* OOPLab0 */;
			productType = "com.apple.product-type.tool";
		};
/* End PBXNativeTarget section */

/* Begin PBXProject section */
		E179B6482CB85A7500CC8C1B /* Project object */ = {
			isa = PBXProject;
			attributes = {
				BuildIndependentTargetsInParallel = 1;
				KnownAssetTags = (
					New,
				);
				LastSwiftUpdateCheck = 1520;
				LastUpgradeCheck = 1520;
				TargetAttributes = {
					E179B64F2CB85A7500CC8C1B = {
						CreatedOnToolsVersion = 15.2;
					};
				};
			};
			buildConfigurationList = E179B64B2CB85A7500CC8C1B /* Build configuration list for PBXProject "OOPLab0" */;
			compatibilityVersion = "Xcode 14.0";
			developmentRegion = en;
			hasScannedForEncodings = 0;
			knownRegions = (
				en,
				Base,
			);
			mainGroup = E179B6472CB85A7500CC8C1B;
			productRefGroup = E179B6512CB85A7500CC8C1B /* Products */;
			projectDirPath = "";
			projectRoot = "";
			targets = (
				E179B64F2CB85A7500CC8C1B /* OOPLab0 */,
			);
		};
/* End PBXProject section */

/* Begin PBXSourcesBuildPhase section */
		E179B64C2CB85A7500CC8C1B /* Sources */ = {
			isa = PBXSourcesBuildPhase;
			buildActionMask = 2147483647;
			files = (
				E179B6672CB85B0F00CC8C1B /* Classifier.swift in Sources */,
				E179B6632CB85ADA00CC8C1B /* Hitchhiker.swift in Sources */,
				E179B65F2CB85AAF00CC8C1B /* StarWars.swift in Sources */,
				E179B6692CB85B2000CC8C1B /* FileHandler.swift in Sources */,
				E179B65D2CB85A9E00CC8C1B /* Universe.swift in Sources */,
				E179B65B2CB85A9000CC8C1B /* Individual.swift in Sources */,
				E179B6652CB85AE800CC8C1B /* LordOfTheRings.swift in Sources */,
				E179B6612CB85AC800CC8C1B /* Marvel.swift in Sources */,
				E179B6542CB85A7500CC8C1B /* main.swift in Sources */,
			);
			runOnlyForDeploymentPostprocessing = 0;
		};
/* End PBXSourcesBuildPhase section */

/* Begin XCBuildConfiguration section */
		E179B6552CB85A7500CC8C1B /* Debug */ = {
			isa = XCBuildConfiguration;
			buildSettings = {
				ALWAYS_SEARCH_USER_PATHS = NO;
				ASSETCATALOG_COMPILER_GENERATE_SWIFT_ASSET_SYMBOL_EXTENSIONS = YES;
				CLANG_ANALYZER_NONNULL = YES;
				CLANG_ANALYZER_NUMBER_OBJECT_CONVERSION = YES_AGGRESSIVE;
				CLANG_CXX_LANGUAGE_STANDARD = "gnu++20";
				CLANG_ENABLE_MODULES = YES;
				CLANG_ENABLE_OBJC_ARC = YES;
				CLANG_ENABLE_OBJC_WEAK = YES;
				CLANG_WARN_BLOCK_CAPTURE_AUTORELEASING = YES;
				CLANG_WARN_BOOL_CONVERSION = YES;
				CLANG_WARN_COMMA = YES;
				CLANG_WARN_CONSTANT_CONVERSION = YES;
				CLANG_WARN_DEPRECATED_OBJC_IMPLEMENTATIONS = YES;
				CLANG_WARN_DIRECT_OBJC_ISA_USAGE = YES_ERROR;
				CLANG_WARN_DOCUMENTATION_COMMENTS = YES;
				CLANG_WARN_EMPTY_BODY = YES;
				CLANG_WARN_ENUM_CONVERSION = YES;
				CLANG_WARN_INFINITE_RECURSION = YES;
				CLANG_WARN_INT_CONVERSION = YES;
				CLANG_WARN_NON_LITERAL_NULL_CONVERSION = YES;
				CLANG_WARN_OBJC_IMPLICIT_RETAIN_SELF = YES;
				CLANG_WARN_OBJC_LITERAL_CONVERSION = YES;
				CLANG_WARN_OBJC_ROOT_CLASS = YES_ERROR;
				CLANG_WARN_QUOTED_INCLUDE_IN_FRAMEWORK_HEADER = YES;
				CLANG_WARN_RANGE_LOOP_ANALYSIS = YES;
				CLANG_WARN_STRICT_PROTOTYPES = YES;
				CLANG_WARN_SUSPICIOUS_MOVE = YES;
				CLANG_WARN_UNGUARDED_AVAILABILITY = YES_AGGRESSIVE;
				CLANG_WARN_UNREACHABLE_CODE = YES;
				CLANG_WARN__DUPLICATE_METHOD_MATCH = YES;
				COPY_PHASE_STRIP = NO;
				DEBUG_INFORMATION_FORMAT = dwarf;
				ENABLE_STRICT_OBJC_MSGSEND = YES;
				ENABLE_TESTABILITY = YES;
				ENABLE_USER_SCRIPT_SANDBOXING = YES;
				GCC_C_LANGUAGE_STANDARD = gnu17;
				GCC_DYNAMIC_NO_PIC = NO;
				GCC_NO_COMMON_BLOCKS = YES;
				GCC_OPTIMIZATION_LEVEL = 0;
				GCC_PREPROCESSOR_DEFINITIONS = (
					"DEBUG=1",
					"$(inherited)",
				);
				GCC_WARN_64_TO_32_BIT_CONVERSION = YES;
				GCC_WARN_ABOUT_RETURN_TYPE = YES_ERROR;
				GCC_WARN_UNDECLARED_SELECTOR = YES;
				GCC_WARN_UNINITIALIZED_AUTOS = YES_AGGRESSIVE;
				GCC_WARN_UNUSED_FUNCTION = YES;
				GCC_WARN_UNUSED_VARIABLE = YES;
				LOCALIZATION_PREFERS_STRING_CATALOGS = YES;
				MACOSX_DEPLOYMENT_TARGET = 14.2;
				MTL_ENABLE_DEBUG_INFO = INCLUDE_SOURCE;
				MTL_FAST_MATH = YES;
				ONLY_ACTIVE_ARCH = YES;
				SDKROOT = macosx;
				SWIFT_ACTIVE_COMPILATION_CONDITIONS = "DEBUG $(inherited)";
				SWIFT_OPTIMIZATION_LEVEL = "-Onone";
			};
			name = Debug;
		};
		E179B6562CB85A7500CC8C1B /* Release */ = {
			isa = XCBuildConfiguration;
			buildSettings = {
				ALWAYS_SEARCH_USER_PATHS = NO;
				ASSETCATALOG_COMPILER_GENERATE_SWIFT_ASSET_SYMBOL_EXTENSIONS = YES;
				CLANG_ANALYZER_NONNULL = YES;
				CLANG_ANALYZER_NUMBER_OBJECT_CONVERSION = YES_AGGRESSIVE;
				CLANG_CXX_LANGUAGE_STANDARD = "gnu++20";
				CLANG_ENABLE_MODULES = YES;
				CLANG_ENABLE_OBJC_ARC = YES;
				CLANG_ENABLE_OBJC_WEAK = YES;
				CLANG_WARN_BLOCK_CAPTURE_AUTORELEASING = YES;
				CLANG_WARN_BOOL_CONVERSION = YES;
				CLANG_WARN_COMMA = YES;
				CLANG_WARN_CONSTANT_CONVERSION = YES;
				CLANG_WARN_DEPRECATED_OBJC_IMPLEMENTATIONS = YES;
				CLANG_WARN_DIRECT_OBJC_ISA_USAGE = YES_ERROR;
				CLANG_WARN_DOCUMENTATION_COMMENTS = YES;
				CLANG_WARN_EMPTY_BODY = YES;
				CLANG_WARN_ENUM_CONVERSION = YES;
				CLANG_WARN_INFINITE_RECURSION = YES;
				CLANG_WARN_INT_CONVERSION = YES;
				CLANG_WARN_NON_LITERAL_NULL_CONVERSION = YES;
				CLANG_WARN_OBJC_IMPLICIT_RETAIN_SELF = YES;
				CLANG_WARN_OBJC_LITERAL_CONVERSION = YES;
				CLANG_WARN_OBJC_ROOT_CLASS = YES_ERROR;
				CLANG_WARN_QUOTED_INCLUDE_IN_FRAMEWORK_HEADER = YES;
				CLANG_WARN_RANGE_LOOP_ANALYSIS = YES;
				CLANG_WARN_STRICT_PROTOTYPES = YES;
				CLANG_WARN_SUSPICIOUS_MOVE = YES;
				CLANG_WARN_UNGUARDED_AVAILABILITY = YES_AGGRESSIVE;
				CLANG_WARN_UNREACHABLE_CODE = YES;
				CLANG_WARN__DUPLICATE_METHOD_MATCH = YES;
				COPY_PHASE_STRIP = NO;
				DEBUG_INFORMATION_FORMAT = "dwarf-with-dsym";
				ENABLE_NS_ASSERTIONS = NO;
				ENABLE_STRICT_OBJC_MSGSEND = YES;
				ENABLE_USER_SCRIPT_SANDBOXING = YES;
				GCC_C_LANGUAGE_STANDARD = gnu17;
				GCC_NO_COMMON_BLOCKS = YES;
				GCC_WARN_64_TO_32_BIT_CONVERSION = YES;
				GCC_WARN_ABOUT_RETURN_TYPE = YES_ERROR;
				GCC_WARN_UNDECLARED_SELECTOR = YES;
				GCC_WARN_UNINITIALIZED_AUTOS = YES_AGGRESSIVE;
				GCC_WARN_UNUSED_FUNCTION = YES;
				GCC_WARN_UNUSED_VARIABLE = YES;
				LOCALIZATION_PREFERS_STRING_CATALOGS = YES;
				MACOSX_DEPLOYMENT_TARGET = 14.2;
				MTL_ENABLE_DEBUG_INFO = NO;
				MTL_FAST_MATH = YES;
				SDKROOT = macosx;
				SWIFT_COMPILATION_MODE = wholemodule;
			};
			name = Release;
		};
		E179B6582CB85A7500CC8C1B /* Debug */ = {
			isa = XCBuildConfiguration;
			buildSettings = {
				CODE_SIGN_STYLE = Automatic;
				PRODUCT_NAME = "$(TARGET_NAME)";
				SWIFT_VERSION = 5.0;
			};
			name = Debug;
		};
		E179B6592CB85A7500CC8C1B /* Release */ = {
			isa = XCBuildConfiguration;
			buildSettings = {
				CODE_SIGN_STYLE = Automatic;
				PRODUCT_NAME = "$(TARGET_NAME)";
				SWIFT_VERSION = 5.0;
			};
			name = Release;
		};
/* End XCBuildConfiguration section */

/* Begin XCConfigurationList section */
		E179B64B2CB85A7500CC8C1B /* Build configuration list for PBXProject "OOPLab0" */ = {
			isa = XCConfigurationList;
			buildConfigurations = (
				E179B6552CB85A7500CC8C1B /* Debug */,
				E179B6562CB85A7500CC8C1B /* Release */,
			);
			defaultConfigurationIsVisible = 0;
			defaultConfigurationName = Release;
		};
		E179B6572CB85A7500CC8C1B /* Build configuration list for PBXNativeTarget "OOPLab0" */ = {
			isa = XCConfigurationList;
			buildConfigurations = (
				E179B6582CB85A7500CC8C1B /* Debug */,
				E179B6592CB85A7500CC8C1B /* Release */,
			);
			defaultConfigurationIsVisible = 0;
			defaultConfigurationName = Release;
		};
/* End XCConfigurationList section */
	};
	rootObject = E179B6482CB85A7500CC8C1B /* Project object */;
}
